# THIS IS AN AUTOGENERATED FILE. DO NOT EDIT THIS FILE DIRECTLY.
# yarn lockfile v1


chownr@^2.0.0:
  version "2.0.0"
  resolved "https://registry.yarnpkg.com/chownr/-/chownr-2.0.0.tgz#15bfbe53d2eab4cf70f18a8cd68ebe5b3cb1dece"
  integrity sha512-bIomtDF5KGpdogkLd9VspvFzk9KfpyyGlS8YFVZl7TGPBHL5snIOnxeshwVgPteQ9b4Eydl+pVbIyE1DcvCWgQ==

fs-minipass@^2.0.0:
  version "2.1.0"
  resolved "https://registry.yarnpkg.com/fs-minipass/-/fs-minipass-2.1.0.tgz#7f5036fdbf12c63c169190cbe4199c852271f9fb"
  integrity sha512-V/JgOLFCS+R6Vcq0slCuaeWEdNC3ouDlJMNIsacH2VtALiu9mV4LPrHc5cDl8k5aw6J8jwgWWpiTo5RYhmIzvg==
  dependencies:
    minipass "^3.0.0"

minipass@^3.0.0:
  version "3.3.4"
  resolved "https://registry.yarnpkg.com/minipass/-/minipass-3.3.4.tgz#ca99f95dd77c43c7a76bf51e6d200025eee0ffae"
  integrity sha512-I9WPbWHCGu8W+6k1ZiGpPu0GkoKBeorkfKNuAFBNS1HNFJvke82sxvI5bzcCNpWPorkOO5QQ+zomzzwRxejXiw==
  dependencies:
    yallist "^4.0.0"

minizlib@^2.1.1:
  version "2.1.2"
  resolved "https://registry.yarnpkg.com/minizlib/-/minizlib-2.1.2.tgz#e90d3466ba209b932451508a11ce3d3632145931"
  integrity sha512-bAxsR8BVfj60DWXHE3u30oHzfl4G7khkSuPW+qvpd7jFRHm7dLxOjUk1EHACJ/hxLY8phGJ0YhYHZo7jil7Qdg==
  dependencies:
    minipass "^3.0.0"
    yallist "^4.0.0"

mkdirp@^1.0.3:
  version "1.0.4"
  resolved "https://registry.yarnpkg.com/mkdirp/-/mkdirp-1.0.4.tgz#3eb5ed62622756d79a5f0e2a221dfebad75c2f7e"
  integrity sha512-vVqVZQyf3WLx2Shd0qJ9xuvqgAyKPLAiqITEtqW0oIUjzo3PePDd6fW9iFz30ef7Ysp/oiWqbhszeGWW2T6Gzw==

prettier-plugin-svelte@^2.7.0:
  version "2.7.0"
  resolved "https://registry.yarnpkg.com/prettier-plugin-svelte/-/prettier-plugin-svelte-2.7.0.tgz#ecfa4fe824238a4466a3497df1a96d15cf43cabb"
  integrity sha512-fQhhZICprZot2IqEyoiUYLTRdumULGRvw0o4dzl5jt0jfzVWdGqeYW27QTWAeXhoupEZJULmNoH3ueJwUWFLIA==

prettier@^2.7.1:
  version "2.7.1"
  resolved "https://registry.yarnpkg.com/prettier/-/prettier-2.7.1.tgz#e235806850d057f97bb08368a4f7d899f7760c64"
  integrity sha512-ujppO+MkdPqoVINuDFDRLClm7D78qbDt0/NR+wp5FqEZOoTNAjPHWj17QRhu7geIHJfcNhRk1XVQmF8Bp3ye+g==

svelte@^3.49.0:
  version "3.49.0"
  resolved "https://registry.yarnpkg.com/svelte/-/svelte-3.49.0.tgz#5baee3c672306de1070c3b7888fc2204e36a4029"
  integrity sha512-+lmjic1pApJWDfPCpUUTc1m8azDqYCG1JN9YEngrx/hUyIcFJo6VZhj0A1Ai0wqoHcEIuQy+e9tk+4uDgdtsFA==

tar@^6.1.11:
  version "6.1.11"
  resolved "https://registry.yarnpkg.com/tar/-/tar-6.1.11.tgz#6760a38f003afa1b2ffd0ffe9e9abbd0eab3d621"
  integrity sha512-an/KZQzQUkZCkuoAA64hM92X0Urb6VpRhAFllDzz44U2mcD5scmT3zBc4VgVpkugF580+DQn8eAFSyoQt0tznA==
  dependencies:
    chownr "^2.0.0"
    fs-minipass "^2.0.0"
    minipass "^3.0.0"
    minizlib "^2.1.1"
    mkdirp "^1.0.3"
    yallist "^4.0.0"

yallist@^4.0.0:
  version "4.0.0"
  resolved "https://registry.yarnpkg.com/yallist/-/yallist-4.0.0.tgz#9bb92790d9c0effec63be73519e11a35019a3a72"
  integrity sha512-3wdGidZyq5PB084XLES5TpOSRA3wjXAlIWMhum2kRcv/41Sn2emQ0dycQW4uZXLejwKvg6EsvbdlVL+FYEct7A==
